// !$*UTF8*$!
{
	archiveVersion = 1;
	classes = {
	};
	objectVersion = 50;
	objects = {

/* Begin PBXBuildFile section */
		5199BA5720FD6FC30095D119 /* assembler.cpp in Sources */ = {isa = PBXBuildFile; fileRef = 5199BA5520FD6FC30095D119 /* assembler.cpp */; };
		51AC281720F03BE90099BE15 /* mainASM.cpp in Sources */ = {isa = PBXBuildFile; fileRef = 51AC281620F03BE90099BE15 /* mainASM.cpp */; };
		51B5704A20EE7D9500455B0B /* vCPU.cpp in Sources */ = {isa = PBXBuildFile; fileRef = 51B5704820EE7D9500455B0B /* vCPU.cpp */; };
		51BBC85720EC8F9A00C520C2 /* main.cpp in Sources */ = {isa = PBXBuildFile; fileRef = 51BBC85620EC8F9A00C520C2 /* main.cpp */; };
/* End PBXBuildFile section */

/* Begin PBXCopyFilesBuildPhase section */
		517BFE1D20E146C200DB4642 /* CopyFiles */ = {
			isa = PBXCopyFilesBuildPhase;
			buildActionMask = 2147483647;
			dstPath = /usr/share/man/man1/;
			dstSubfolderSpec = 0;
			files = (
			);
			runOnlyForDeploymentPostprocessing = 1;
		};
/* End PBXCopyFilesBuildPhase section */

/* Begin PBXFileReference section */
		515D731721046DE60015F733 /* notes.txt */ = {isa = PBXFileReference; lastKnownFileType = text; path = notes.txt; sourceTree = "<group>"; };
		517BFE1F20E146C200DB4642 /* pear][ */ = {isa = PBXFileReference; explicitFileType = "compiled.mach-o.executable"; includeInIndex = 0; path = "pear]["; sourceTree = BUILT_PRODUCTS_DIR; };
		5199BA5520FD6FC30095D119 /* assembler.cpp */ = {isa = PBXFileReference; fileEncoding = 4; lastKnownFileType = sourcecode.cpp.cpp; path = assembler.cpp; sourceTree = "<group>"; };
		5199BA5620FD6FC30095D119 /* assembler.h */ = {isa = PBXFileReference; fileEncoding = 4; lastKnownFileType = sourcecode.c.h; path = assembler.h; sourceTree = "<group>"; };
		51AC281620F03BE90099BE15 /* mainASM.cpp */ = {isa = PBXFileReference; fileEncoding = 4; lastKnownFileType = sourcecode.cpp.cpp; path = mainASM.cpp; sourceTree = "<group>"; };
		51AC281A20F03E240099BE15 /* test.my_asm */ = {isa = PBXFileReference; fileEncoding = 4; lastKnownFileType = text; path = test.my_asm; sourceTree = "<group>"; };
		51B5704820EE7D9500455B0B /* vCPU.cpp */ = {isa = PBXFileReference; lastKnownFileType = sourcecode.cpp.cpp; path = vCPU.cpp; sourceTree = "<group>"; };
		51B5704B20EE820400455B0B /* opcodes.h */ = {isa = PBXFileReference; lastKnownFileType = sourcecode.c.h; path = opcodes.h; sourceTree = "<group>"; };
		51B5704C20EECB7B00455B0B /* memLayout.h */ = {isa = PBXFileReference; lastKnownFileType = sourcecode.c.h; path = memLayout.h; sourceTree = "<group>"; };
		51BBC85620EC8F9A00C520C2 /* main.cpp */ = {isa = PBXFileReference; fileEncoding = 4; lastKnownFileType = sourcecode.cpp.cpp; path = main.cpp; sourceTree = "<group>"; };
		51BBC85820EC8FB000C520C2 /* vCPU.h */ = {isa = PBXFileReference; lastKnownFileType = sourcecode.c.h; path = vCPU.h; sourceTree = "<group>"; };
/* End PBXFileReference section */

/* Begin PBXFrameworksBuildPhase section */
		517BFE1C20E146C200DB4642 /* Frameworks */ = {
			isa = PBXFrameworksBuildPhase;
			buildActionMask = 2147483647;
			files = (
			);
			runOnlyForDeploymentPostprocessing = 0;
		};
/* End PBXFrameworksBuildPhase section */

/* Begin PBXGroup section */
		517BFE1620E146C200DB4642 = {
			isa = PBXGroup;
			children = (
				517BFE2120E146C200DB4642 /* pear][ */,
				517BFE2020E146C200DB4642 /* Products */,
			);
			sourceTree = "<group>";
		};
		517BFE2020E146C200DB4642 /* Products */ = {
			isa = PBXGroup;
			children = (
				517BFE1F20E146C200DB4642 /* pear][ */,
			);
			name = Products;
			sourceTree = "<group>";
		};
		517BFE2120E146C200DB4642 /* pear][ */ = {
			isa = PBXGroup;
			children = (
				51B5704E20EFE3A100455B0B /* assembly */,
				51BBC85820EC8FB000C520C2 /* vCPU.h */,
				51B5704820EE7D9500455B0B /* vCPU.cpp */,
				51B5704B20EE820400455B0B /* opcodes.h */,
				51B5704C20EECB7B00455B0B /* memLayout.h */,
				51BBC85620EC8F9A00C520C2 /* main.cpp */,
			);
			path = "pear][";
			sourceTree = "<group>";
		};
		51B5704E20EFE3A100455B0B /* assembly */ = {
			isa = PBXGroup;
			children = (
				5199BA5520FD6FC30095D119 /* assembler.cpp */,
				5199BA5620FD6FC30095D119 /* assembler.h */,
				51AC281A20F03E240099BE15 /* test.my_asm */,
				51AC281620F03BE90099BE15 /* mainASM.cpp */,
				515D731721046DE60015F733 /* notes.txt */,
			);
			path = assembly;
			sourceTree = "<group>";
		};
/* End PBXGroup section */

/* Begin PBXNativeTarget section */
		517BFE1E20E146C200DB4642 /* pear][ */ = {
			isa = PBXNativeTarget;
			buildConfigurationList = 517BFE2620E146C200DB4642 /* Build configuration list for PBXNativeTarget "pear][" */;
			buildPhases = (
				517BFE1B20E146C200DB4642 /* Sources */,
				517BFE1C20E146C200DB4642 /* Frameworks */,
				517BFE1D20E146C200DB4642 /* CopyFiles */,
			);
			buildRules = (
			);
			dependencies = (
			);
			name = "pear][";
			productName = "pear][";
			productReference = 517BFE1F20E146C200DB4642 /* pear][ */;
			productType = "com.apple.product-type.tool";
		};
/* End PBXNativeTarget section */

/* Begin PBXProject section */
		517BFE1720E146C200DB4642 /* Project object */ = {
			isa = PBXProject;
			attributes = {
				LastUpgradeCheck = 0940;
				ORGANIZATIONNAME = "Sebastian Wyngaard";
				TargetAttributes = {
					517BFE1E20E146C200DB4642 = {
						CreatedOnToolsVersion = 9.4;
					};
				};
			};
			buildConfigurationList = 517BFE1A20E146C200DB4642 /* Build configuration list for PBXProject "pear][" */;
			compatibilityVersion = "Xcode 9.3";
			developmentRegion = en;
			hasScannedForEncodings = 0;
			knownRegions = (
				en,
			);
			mainGroup = 517BFE1620E146C200DB4642;
			productRefGroup = 517BFE2020E146C200DB4642 /* Products */;
			projectDirPath = "";
			projectRoot = "";
			targets = (
				517BFE1E20E146C200DB4642 /* pear][ */,
			);
		};
/* End PBXProject section */

/* Begin PBXSourcesBuildPhase section */
		517BFE1B20E146C200DB4642 /* Sources */ = {
			isa = PBXSourcesBuildPhase;
			buildActionMask = 2147483647;
			files = (
				5199BA5720FD6FC30095D119 /* assembler.cpp in Sources */,
				51AC281720F03BE90099BE15 /* mainASM.cpp in Sources */,
				51BBC85720EC8F9A00C520C2 /* main.cpp in Sources */,
				51B5704A20EE7D9500455B0B /* vCPU.cpp in Sources */,
			);
			runOnlyForDeploymentPostprocessing = 0;
		};
/* End PBXSourcesBuildPhase section */

/* Begin XCBuildConfiguration section */
		517BFE2420E146C200DB4642 /* Debug */ = {
			isa = XCBuildConfiguration;
			buildSettings = {
				ALWAYS_SEARCH_USER_PATHS = NO;
				CLANG_ANALYZER_NONNULL = YES;
				CLANG_ANALYZER_NUMBER_OBJECT_CONVERSION = YES_AGGRESSIVE;
				CLANG_CXX_LANGUAGE_STANDARD = "gnu++14";
				CLANG_CXX_LIBRARY = "libc++";
				CLANG_ENABLE_MODULES = YES;
				CLANG_ENABLE_OBJC_ARC = YES;
				CLANG_ENABLE_OBJC_WEAK = YES;
				CLANG_WARN_BLOCK_CAPTURE_AUTORELEASING = YES;
				CLANG_WARN_BOOL_CONVERSION = YES;
				CLANG_WARN_COMMA = YES;
				CLANG_WARN_CONSTANT_CONVERSION = YES;
				CLANG_WARN_DEPRECATED_OBJC_IMPLEMENTATIONS = YES;
				CLANG_WARN_DIRECT_OBJC_ISA_USAGE = YES_ERROR;
				CLANG_WARN_DOCUMENTATION_COMMENTS = YES;
				CLANG_WARN_EMPTY_BODY = YES;
				CLANG_WARN_ENUM_CONVERSION = YES;
				CLANG_WARN_INFINITE_RECURSION = YES;
				CLANG_WARN_INT_CONVERSION = YES;
				CLANG_WARN_NON_LITERAL_NULL_CONVERSION = YES;
				CLANG_WARN_OBJC_IMPLICIT_RETAIN_SELF = YES;
				CLANG_WARN_OBJC_LITERAL_CONVERSION = YES;
				CLANG_WARN_OBJC_ROOT_CLASS = YES_ERROR;
				CLANG_WARN_RANGE_LOOP_ANALYSIS = YES;
				CLANG_WARN_STRICT_PROTOTYPES = YES;
				CLANG_WARN_SUSPICIOUS_MOVE = YES;
				CLANG_WARN_UNGUARDED_AVAILABILITY = YES_AGGRESSIVE;
				CLANG_WARN_UNREACHABLE_CODE = YES;
				CLANG_WARN__DUPLICATE_METHOD_MATCH = YES;
				CODE_SIGN_IDENTITY = "Mac Developer";
				COPY_PHASE_STRIP = NO;
				DEBUG_INFORMATION_FORMAT = dwarf;
				ENABLE_STRICT_OBJC_MSGSEND = YES;
				ENABLE_TESTABILITY = YES;
				GCC_C_LANGUAGE_STANDARD = gnu11;
				GCC_DYNAMIC_NO_PIC = NO;
				GCC_NO_COMMON_BLOCKS = YES;
				GCC_OPTIMIZATION_LEVEL = 0;
				GCC_PREPROCESSOR_DEFINITIONS = (
					"DEBUG=1",
					"$(inherited)",
				);
				GCC_WARN_64_TO_32_BIT_CONVERSION = YES;
				GCC_WARN_ABOUT_RETURN_TYPE = YES_ERROR;
				GCC_WARN_UNDECLARED_SELECTOR = YES;
				GCC_WARN_UNINITIALIZED_AUTOS = YES_AGGRESSIVE;
				GCC_WARN_UNUSED_FUNCTION = YES;
				GCC_WARN_UNUSED_VARIABLE = YES;
				MACOSX_DEPLOYMENT_TARGET = 10.13;
				MTL_ENABLE_DEBUG_INFO = YES;
				ONLY_ACTIVE_ARCH = YES;
				SDKROOT = macosx;
			};
			name = Debug;
		};
		517BFE2520E146C200DB4642 /* Release */ = {
			isa = XCBuildConfiguration;
			buildSettings = {
				ALWAYS_SEARCH_USER_PATHS = NO;
				CLANG_ANALYZER_NONNULL = YES;
				CLANG_ANALYZER_NUMBER_OBJECT_CONVERSION = YES_AGGRESSIVE;
				CLANG_CXX_LANGUAGE_STANDARD = "gnu++14";
				CLANG_CXX_LIBRARY = "libc++";
				CLANG_ENABLE_MODULES = YES;
				CLANG_ENABLE_OBJC_ARC = YES;
				CLANG_ENABLE_OBJC_WEAK = YES;
				CLANG_WARN_BLOCK_CAPTURE_AUTORELEASING = YES;
				CLANG_WARN_BOOL_CONVERSION = YES;
				CLANG_WARN_COMMA = YES;
				CLANG_WARN_CONSTANT_CONVERSION = YES;
				CLANG_WARN_DEPRECATED_OBJC_IMPLEMENTATIONS = YES;
				CLANG_WARN_DIRECT_OBJC_ISA_USAGE = YES_ERROR;
				CLANG_WARN_DOCUMENTATION_COMMENTS = YES;
				CLANG_WARN_EMPTY_BODY = YES;
				CLANG_WARN_ENUM_CONVERSION = YES;
				CLANG_WARN_INFINITE_RECURSION = YES;
				CLANG_WARN_INT_CONVERSION = YES;
				CLANG_WARN_NON_LITERAL_NULL_CONVERSION = YES;
				CLANG_WARN_OBJC_IMPLICIT_RETAIN_SELF = YES;
				CLANG_WARN_OBJC_LITERAL_CONVERSION = YES;
				CLANG_WARN_OBJC_ROOT_CLASS = YES_ERROR;
				CLANG_WARN_RANGE_LOOP_ANALYSIS = YES;
				CLANG_WARN_STRICT_PROTOTYPES = YES;
				CLANG_WARN_SUSPICIOUS_MOVE = YES;
				CLANG_WARN_UNGUARDED_AVAILABILITY = YES_AGGRESSIVE;
				CLANG_WARN_UNREACHABLE_CODE = YES;
				CLANG_WARN__DUPLICATE_METHOD_MATCH = YES;
				CODE_SIGN_IDENTITY = "Mac Developer";
				COPY_PHASE_STRIP = NO;
				DEBUG_INFORMATION_FORMAT = "dwarf-with-dsym";
				ENABLE_NS_ASSERTIONS = NO;
				ENABLE_STRICT_OBJC_MSGSEND = YES;
				GCC_C_LANGUAGE_STANDARD = gnu11;
				GCC_NO_COMMON_BLOCKS = YES;
				GCC_WARN_64_TO_32_BIT_CONVERSION = YES;
				GCC_WARN_ABOUT_RETURN_TYPE = YES_ERROR;
				GCC_WARN_UNDECLARED_SELECTOR = YES;
				GCC_WARN_UNINITIALIZED_AUTOS = YES_AGGRESSIVE;
				GCC_WARN_UNUSED_FUNCTION = YES;
				GCC_WARN_UNUSED_VARIABLE = YES;
				MACOSX_DEPLOYMENT_TARGET = 10.13;
				MTL_ENABLE_DEBUG_INFO = NO;
				SDKROOT = macosx;
			};
			name = Release;
		};
		517BFE2720E146C200DB4642 /* Debug */ = {
			isa = XCBuildConfiguration;
			buildSettings = {
				CODE_SIGN_STYLE = Automatic;
				DEVELOPMENT_TEAM = 28L649RMVM;
				PRODUCT_NAME = "$(TARGET_NAME)";
			};
			name = Debug;
		};
		517BFE2820E146C200DB4642 /* Release */ = {
			isa = XCBuildConfiguration;
			buildSettings = {
				CODE_SIGN_STYLE = Automatic;
				DEVELOPMENT_TEAM = 28L649RMVM;
				PRODUCT_NAME = "$(TARGET_NAME)";
			};
			name = Release;
		};
/* End XCBuildConfiguration section */

/* Begin XCConfigurationList section */
		517BFE1A20E146C200DB4642 /* Build configuration list for PBXProject "pear][" */ = {
			isa = XCConfigurationList;
			buildConfigurations = (
				517BFE2420E146C200DB4642 /* Debug */,
				517BFE2520E146C200DB4642 /* Release */,
			);
			defaultConfigurationIsVisible = 0;
			defaultConfigurationName = Release;
		};
		517BFE2620E146C200DB4642 /* Build configuration list for PBXNativeTarget "pear][" */ = {
			isa = XCConfigurationList;
			buildConfigurations = (
				517BFE2720E146C200DB4642 /* Debug */,
				517BFE2820E146C200DB4642 /* Release */,
			);
			defaultConfigurationIsVisible = 0;
			defaultConfigurationName = Release;
		};
/* End XCConfigurationList section */
	};
	rootObject = 517BFE1720E146C200DB4642 /* Project object */;
}
